
Microsoft Visual Studio Solution File, Format Version 12.00
# Visual Studio Version 17
VisualStudioVersion = 17.3.32922.545
MinimumVisualStudioVersion = 10.0.40219.1
Project("{9A19103F-16F7-4668-BE54-9A1E7A4F7556}") = "console-app", "console-app\console-app.csproj", "{7780B942-1E43-4626-A43D-1E5F74A7FA6B}"
EndProject
Project("{FAE04EC0-301F-11D3-BF4B-00C04F79EFBC}") = "sorting-algorithms-lib", "sorting-algorithms-lib\sorting-algorithms-lib.csproj", "{7B904133-DCF7-4B5C-BD47-8D94EF6DC679}"
EndProject
Global
	GlobalSection(SolutionConfigurationPlatforms) = preSolution
		Debug|Any CPU = Debug|Any CPU
		Release|Any CPU = Release|Any CPU
	EndGlobalSection
	GlobalSection(ProjectConfigurationPlatforms) = postSolution
		{7780B942-1E43-4626-A43D-1E5F74A7FA6B}.Debug|Any CPU.ActiveCfg = Debug|Any CPU
		{7780B942-1E43-4626-A43D-1E5F74A7FA6B}.Debug|Any CPU.Build.0 = Debug|Any CPU
		{7780B942-1E43-4626-A43D-1E5F74A7FA6B}.Release|Any CPU.ActiveCfg = Release|Any CPU
		{7780B942-1E43-4626-A43D-1E5F74A7FA6B}.Release|Any CPU.Build.0 = Release|Any CPU
		{7B904133-DCF7-4B5C-BD47-8D94EF6DC679}.Debug|Any CPU.ActiveCfg = Debug|Any CPU
		{7B904133-DCF7-4B5C-BD47-8D94EF6DC679}.Debug|Any CPU.Build.0 = Debug|Any CPU
		{7B904133-DCF7-4B5C-BD47-8D94EF6DC679}.Release|Any CPU.ActiveCfg = Release|Any CPU
		{7B904133-DCF7-4B5C-BD47-8D94EF6DC679}.Release|Any CPU.Build.0 = Release|Any CPU
	EndGlobalSection
	GlobalSection(SolutionProperties) = preSolution
		HideSolutionNode = FALSE
	EndGlobalSection
	GlobalSection(ExtensibilityGlobals) = postSolution
		SolutionGuid = {CF0B054B-9006-45FA-BFAC-CA1DFE179615}
	EndGlobalSection
EndGlobal
